// !$*UTF8*$!
{
	archiveVersion = 1;
	classes = {
	};
	objectVersion = 46;
	objects = {

/* Begin PBXBuildFile section */
		60623EFE217A39D10076BF5A /* AppDelegate.swift in Sources */ = {isa = PBXBuildFile; fileRef = 60623EFD217A39D10076BF5A /* AppDelegate.swift */; };
		60623F00217A39D10076BF5A /* ViewController.swift in Sources */ = {isa = PBXBuildFile; fileRef = 60623EFF217A39D10076BF5A /* ViewController.swift */; };
		60623F03217A39D10076BF5A /* Main.storyboard in Resources */ = {isa = PBXBuildFile; fileRef = 60623F01217A39D10076BF5A /* Main.storyboard */; };
		60623F05217A39D10076BF5A /* Assets.xcassets in Resources */ = {isa = PBXBuildFile; fileRef = 60623F04217A39D10076BF5A /* Assets.xcassets */; };
		60623F08217A39D10076BF5A /* LaunchScreen.storyboard in Resources */ = {isa = PBXBuildFile; fileRef = 60623F06217A39D10076BF5A /* LaunchScreen.storyboard */; };
/* End PBXBuildFile section */

/* Begin PBXFileReference section */
		60623EFA217A39D10076BF5A /* rappi poderoso.app */ = {isa = PBXFileReference; explicitFileType = wrapper.application; includeInIndex = 0; path = "rappi poderoso.app"; sourceTree = BUILT_PRODUCTS_DIR; };
		60623EFD217A39D10076BF5A /* AppDelegate.swift */ = {isa = PBXFileReference; lastKnownFileType = sourcecode.swift; path = AppDelegate.swift; sourceTree = "<group>"; };
		60623EFF217A39D10076BF5A /* ViewController.swift */ = {isa = PBXFileReference; lastKnownFileType = sourcecode.swift; path = ViewController.swift; sourceTree = "<group>"; };
		60623F02217A39D10076BF5A /* Base */ = {isa = PBXFileReference; lastKnownFileType = file.storyboard; name = Base; path = Base.lproj/Main.storyboard; sourceTree = "<group>"; };
		60623F04217A39D10076BF5A /* Assets.xcassets */ = {isa = PBXFileReference; lastKnownFileType = folder.assetcatalog; path = Assets.xcassets; sourceTree = "<group>"; };
		60623F07217A39D10076BF5A /* Base */ = {isa = PBXFileReference; lastKnownFileType = file.storyboard; name = Base; path = Base.lproj/LaunchScreen.storyboard; sourceTree = "<group>"; };
		60623F09217A39D10076BF5A /* Info.plist */ = {isa = PBXFileReference; lastKnownFileType = text.plist.xml; path = Info.plist; sourceTree = "<group>"; };
/* End PBXFileReference section */

/* Begin PBXFrameworksBuildPhase section */
		60623EF7217A39D10076BF5A /* Frameworks */ = {
			isa = PBXFrameworksBuildPhase;
			buildActionMask = 2147483647;
			files = (
			);
			runOnlyForDeploymentPostprocessing = 0;
		};
/* End PBXFrameworksBuildPhase section */

/* Begin PBXGroup section */
		60623EF1217A39D10076BF5A = {
			isa = PBXGroup;
			children = (
				60623EFC217A39D10076BF5A /* rappi poderoso */,
				60623EFB217A39D10076BF5A /* Products */,
			);
			sourceTree = "<group>";
		};
		60623EFB217A39D10076BF5A /* Products */ = {
			isa = PBXGroup;
			children = (
				60623EFA217A39D10076BF5A /* rappi poderoso.app */,
			);
			name = Products;
			sourceTree = "<group>";
		};
		60623EFC217A39D10076BF5A /* rappi poderoso */ = {
			isa = PBXGroup;
			children = (
				60623EFD217A39D10076BF5A /* AppDelegate.swift */,
				60623EFF217A39D10076BF5A /* ViewController.swift */,
				60623F01217A39D10076BF5A /* Main.storyboard */,
				60623F04217A39D10076BF5A /* Assets.xcassets */,
				60623F06217A39D10076BF5A /* LaunchScreen.storyboard */,
				60623F09217A39D10076BF5A /* Info.plist */,
			);
			path = "rappi poderoso";
			sourceTree = "<group>";
		};
/* End PBXGroup section */

/* Begin PBXNativeTarget section */
		60623EF9217A39D10076BF5A /* rappi poderoso */ = {
			isa = PBXNativeTarget;
			buildConfigurationList = 60623F0C217A39D10076BF5A /* Build configuration list for PBXNativeTarget "rappi poderoso" */;
			buildPhases = (
				60623EF6217A39D10076BF5A /* Sources */,
				60623EF7217A39D10076BF5A /* Frameworks */,
				60623EF8217A39D10076BF5A /* Resources */,
			);
			buildRules = (
			);
			dependencies = (
			);
			name = "rappi poderoso";
			productName = "rappi poderoso";
			productReference = 60623EFA217A39D10076BF5A /* rappi poderoso.app */;
			productType = "com.apple.product-type.application";
		};
/* End PBXNativeTarget section */

/* Begin PBXProject section */
		60623EF2217A39D10076BF5A /* Project object */ = {
			isa = PBXProject;
			attributes = {
				LastSwiftUpdateCheck = 0830;
				LastUpgradeCheck = 0830;
				ORGANIZATIONNAME = "Alejandro Agudelo";
				TargetAttributes = {
					60623EF9217A39D10076BF5A = {
						CreatedOnToolsVersion = 8.3.2;
						ProvisioningStyle = Automatic;
					};
				};
			};
			buildConfigurationList = 60623EF5217A39D10076BF5A /* Build configuration list for PBXProject "rappi poderoso" */;
			compatibilityVersion = "Xcode 3.2";
			developmentRegion = English;
			hasScannedForEncodings = 0;
			knownRegions = (
				en,
				Base,
			);
			mainGroup = 60623EF1217A39D10076BF5A;
			productRefGroup = 60623EFB217A39D10076BF5A /* Products */;
			projectDirPath = "";
			projectRoot = "";
			targets = (
				60623EF9217A39D10076BF5A /* rappi poderoso */,
			);
		};
/* End PBXProject section */

/* Begin PBXResourcesBuildPhase section */
		60623EF8217A39D10076BF5A /* Resources */ = {
			isa = PBXResourcesBuildPhase;
			buildActionMask = 2147483647;
			files = (
				60623F08217A39D10076BF5A /* LaunchScreen.storyboard in Resources */,
				60623F05217A39D10076BF5A /* Assets.xcassets in Resources */,
				60623F03217A39D10076BF5A /* Main.storyboard in Resources */,
			);
			runOnlyForDeploymentPostprocessing = 0;
		};
/* End PBXResourcesBuildPhase section */

/* Begin PBXSourcesBuildPhase section */
		60623EF6217A39D10076BF5A /* Sources */ = {
			isa = PBXSourcesBuildPhase;
			buildActionMask = 2147483647;
			files = (
				60623F00217A39D10076BF5A /* ViewController.swift in Sources */,
				60623EFE217A39D10076BF5A /* AppDelegate.swift in Sources */,
			);
			runOnlyForDeploymentPostprocessing = 0;
		};
/* End PBXSourcesBuildPhase section */

/* Begin PBXVariantGroup section */
		60623F01217A39D10076BF5A /* Main.storyboard */ = {
			isa = PBXVariantGroup;
			children = (
				60623F02217A39D10076BF5A /* Base */,
			);
			name = Main.storyboard;
			sourceTree = "<group>";
		};
		60623F06217A39D10076BF5A /* LaunchScreen.storyboard */ = {
			isa = PBXVariantGroup;
			children = (
				60623F07217A39D10076BF5A /* Base */,
			);
			name = LaunchScreen.storyboard;
			sourceTree = "<group>";
		};
/* End PBXVariantGroup section */

/* Begin XCBuildConfiguration section */
		60623F0A217A39D10076BF5A /* Debug */ = {
			isa = XCBuildConfiguration;
			buildSettings = {
				ALWAYS_SEARCH_USER_PATHS = NO;
				CLANG_ANALYZER_NONNULL = YES;
				CLANG_ANALYZER_NUMBER_OBJECT_CONVERSION = YES_AGGRESSIVE;
				CLANG_CXX_LANGUAGE_STANDARD = "gnu++0x";
				CLANG_CXX_LIBRARY = "libc++";
				CLANG_ENABLE_MODULES = YES;
				CLANG_ENABLE_OBJC_ARC = YES;
				CLANG_WARN_BOOL_CONVERSION = YES;
				CLANG_WARN_CONSTANT_CONVERSION = YES;
				CLANG_WARN_DIRECT_OBJC_ISA_USAGE = YES_ERROR;
				CLANG_WARN_DOCUMENTATION_COMMENTS = YES;
				CLANG_WARN_EMPTY_BODY = YES;
				CLANG_WARN_ENUM_CONVERSION = YES;
				CLANG_WARN_INFINITE_RECURSION = YES;
				CLANG_WARN_INT_CONVERSION = YES;
				CLANG_WARN_OBJC_ROOT_CLASS = YES_ERROR;
				CLANG_WARN_SUSPICIOUS_MOVE = YES;
				CLANG_WARN_UNREACHABLE_CODE = YES;
				CLANG_WARN__DUPLICATE_METHOD_MATCH = YES;
				"CODE_SIGN_IDENTITY[sdk=iphoneos*]" = "iPhone Developer";
				COPY_PHASE_STRIP = NO;
				DEBUG_INFORMATION_FORMAT = dwarf;
				ENABLE_STRICT_OBJC_MSGSEND = YES;
				ENABLE_TESTABILITY = YES;
				GCC_C_LANGUAGE_STANDARD = gnu99;
				GCC_DYNAMIC_NO_PIC = NO;
				GCC_NO_COMMON_BLOCKS = YES;
				GCC_OPTIMIZATION_LEVEL = 0;
				GCC_PREPROCESSOR_DEFINITIONS = (
					"DEBUG=1",
					"$(inherited)",
				);
				GCC_WARN_64_TO_32_BIT_CONVERSION = YES;
				GCC_WARN_ABOUT_RETURN_TYPE = YES_ERROR;
				GCC_WARN_UNDECLARED_SELECTOR = YES;
				GCC_WARN_UNINITIALIZED_AUTOS = YES_AGGRESSIVE;
				GCC_WARN_UNUSED_FUNCTION = YES;
				GCC_WARN_UNUSED_VARIABLE = YES;
				IPHONEOS_DEPLOYMENT_TARGET = 10.3;
				MTL_ENABLE_DEBUG_INFO = YES;
				ONLY_ACTIVE_ARCH = YES;
				SDKROOT = iphoneos;
				SWIFT_ACTIVE_COMPILATION_CONDITIONS = DEBUG;
				SWIFT_OPTIMIZATION_LEVEL = "-Onone";
				TARGETED_DEVICE_FAMILY = "1,2";
			};
			name = Debug;
		};
		60623F0B217A39D10076BF5A /* Release */ = {
			isa = XCBuildConfiguration;
			buildSettings = {
				ALWAYS_SEARCH_USER_PATHS = NO;
				CLANG_ANALYZER_NONNULL = YES;
				CLANG_ANALYZER_NUMBER_OBJECT_CONVERSION = YES_AGGRESSIVE;
				CLANG_CXX_LANGUAGE_STANDARD = "gnu++0x";
				CLANG_CXX_LIBRARY = "libc++";
				CLANG_ENABLE_MODULES = YES;
				CLANG_ENABLE_OBJC_ARC = YES;
				CLANG_WARN_BOOL_CONVERSION = YES;
				CLANG_WARN_CONSTANT_CONVERSION = YES;
				CLANG_WARN_DIRECT_OBJC_ISA_USAGE = YES_ERROR;
				CLANG_WARN_DOCUMENTATION_COMMENTS = YES;
				CLANG_WARN_EMPTY_BODY = YES;
				CLANG_WARN_ENUM_CONVERSION = YES;
				CLANG_WARN_INFINITE_RECURSION = YES;
				CLANG_WARN_INT_CONVERSION = YES;
				CLANG_WARN_OBJC_ROOT_CLASS = YES_ERROR;
				CLANG_WARN_SUSPICIOUS_MOVE = YES;
				CLANG_WARN_UNREACHABLE_CODE = YES;
				CLANG_WARN__DUPLICATE_METHOD_MATCH = YES;
				"CODE_SIGN_IDENTITY[sdk=iphoneos*]" = "iPhone Developer";
				COPY_PHASE_STRIP = NO;
				DEBUG_INFORMATION_FORMAT = "dwarf-with-dsym";
				ENABLE_NS_ASSERTIONS = NO;
				ENABLE_STRICT_OBJC_MSGSEND = YES;
				GCC_C_LANGUAGE_STANDARD = gnu99;
				GCC_NO_COMMON_BLOCKS = YES;
				GCC_WARN_64_TO_32_BIT_CONVERSION = YES;
				GCC_WARN_ABOUT_RETURN_TYPE = YES_ERROR;
				GCC_WARN_UNDECLARED_SELECTOR = YES;
				GCC_WARN_UNINITIALIZED_AUTOS = YES_AGGRESSIVE;
				GCC_WARN_UNUSED_FUNCTION = YES;
				GCC_WARN_UNUSED_VARIABLE = YES;
				IPHONEOS_DEPLOYMENT_TARGET = 10.3;
				MTL_ENABLE_DEBUG_INFO = NO;
				SDKROOT = iphoneos;
				SWIFT_OPTIMIZATION_LEVEL = "-Owholemodule";
				TARGETED_DEVICE_FAMILY = "1,2";
				VALIDATE_PRODUCT = YES;
			};
			name = Release;
		};
		60623F0D217A39D10076BF5A /* Debug */ = {
			isa = XCBuildConfiguration;
			buildSettings = {
				ASSETCATALOG_COMPILER_APPICON_NAME = AppIcon;
				INFOPLIST_FILE = "rappi poderoso/Info.plist";
				LD_RUNPATH_SEARCH_PATHS = "$(inherited) @executable_path/Frameworks";
				PRODUCT_BUNDLE_IDENTIFIER = "com.jeduca.rappi-poderoso";
				PRODUCT_NAME = "$(TARGET_NAME)";
				SWIFT_VERSION = 3.0;
			};
			name = Debug;
		};
		60623F0E217A39D10076BF5A /* Release */ = {
			isa = XCBuildConfiguration;
			buildSettings = {
				ASSETCATALOG_COMPILER_APPICON_NAME = AppIcon;
				INFOPLIST_FILE = "rappi poderoso/Info.plist";
				LD_RUNPATH_SEARCH_PATHS = "$(inherited) @executable_path/Frameworks";
				PRODUCT_BUNDLE_IDENTIFIER = "com.jeduca.rappi-poderoso";
				PRODUCT_NAME = "$(TARGET_NAME)";
				SWIFT_VERSION = 3.0;
			};
			name = Release;
		};
/* End XCBuildConfiguration section */

/* Begin XCConfigurationList section */
		60623EF5217A39D10076BF5A /* Build configuration list for PBXProject "rappi poderoso" */ = {
			isa = XCConfigurationList;
			buildConfigurations = (
				60623F0A217A39D10076BF5A /* Debug */,
				60623F0B217A39D10076BF5A /* Release */,
			);
			defaultConfigurationIsVisible = 0;
			defaultConfigurationName = Release;
		};
		60623F0C217A39D10076BF5A /* Build configuration list for PBXNativeTarget "rappi poderoso" */ = {
			isa = XCConfigurationList;
			buildConfigurations = (
				60623F0D217A39D10076BF5A /* Debug */,
				60623F0E217A39D10076BF5A /* Release */,
			);
			defaultConfigurationIsVisible = 0;
		};
/* End XCConfigurationList section */
	};
	rootObject = 60623EF2217A39D10076BF5A /* Project object */;
}
